{
  "name": "auth_token",
  "version": "1.0.0",
  "lockfileVersion": 1,
  "requires": true,
  "dependencies": {
    "async-mutex": {
      "version": "0.1.4",
      "resolved": "https://registry.npmjs.org/async-mutex/-/async-mutex-0.1.4.tgz",
      "integrity": "sha512-zVWTmAnxxHaeB2B1te84oecI8zTDJ/8G49aVBblRX6be0oq6pAybNcUSxwfgVOmOjSCvN4aYZAqwtyNI8e1YGw=="
    }
  }
}
